
Microsoft Visual Studio Solution File, Format Version 12.00
# Visual Studio 15
VisualStudioVersion = 15.0.28307.271
MinimumVisualStudioVersion = 10.0.40219.1
Project("{9A19103F-16F7-4668-BE54-9A1E7A4F7556}") = "ConsoleApp.SQLite", "ConsoleApp.SQLite.csproj", "{E2B379EF-405E-45DB-8843-2D8497A95A90}"
EndProject
Global
	GlobalSection(SolutionConfigurationPlatforms) = preSolution
		Debug|Any CPU = Debug|Any CPU
		Release|Any CPU = Release|Any CPU
	EndGlobalSection
	GlobalSection(ProjectConfigurationPlatforms) = postSolution
		{E2B379EF-405E-45DB-8843-2D8497A95A90}.Debug|Any CPU.ActiveCfg = Debug|Any CPU
		{E2B379EF-405E-45DB-8843-2D8497A95A90}.Debug|Any CPU.Build.0 = Debug|Any CPU
		{E2B379EF-405E-45DB-8843-2D8497A95A90}.Release|Any CPU.ActiveCfg = Release|Any CPU
		{E2B379EF-405E-45DB-8843-2D8497A95A90}.Release|Any CPU.Build.0 = Release|Any CPU
	EndGlobalSection
	GlobalSection(SolutionProperties) = preSolution
		HideSolutionNode = FALSE
	EndGlobalSection
	GlobalSection(ExtensibilityGlobals) = postSolution
		SolutionGuid = {40C2C647-B3B4-47EE-B51C-1207FCD3DFE1}
	EndGlobalSection
EndGlobal
